// !$*UTF8*$!
{
	archiveVersion = 1;
	classes = {
	};
	objectVersion = 46;
	objects = {

/* Begin PBXBuildFile section */
		9B0C4D2417F6874000BF3EDD /* qricon.jpeg in Resources */ = {isa = PBXBuildFile; fileRef = 9B0C4D2317F6874000BF3EDD /* qricon.jpeg */; };
		9B0C4D2617F68DD000BF3EDD /* Security.framework in Frameworks */ = {isa = PBXBuildFile; fileRef = 9B0C4D2517F68DD000BF3EDD /* Security.framework */; };
		9B2B161717EE280D00C8B943 /* UIKit.framework in Frameworks */ = {isa = PBXBuildFile; fileRef = 9B2B161617EE280D00C8B943 /* UIKit.framework */; };
		9B2B161917EE280D00C8B943 /* Foundation.framework in Frameworks */ = {isa = PBXBuildFile; fileRef = 9B2B161817EE280D00C8B943 /* Foundation.framework */; };
		9B2B161B17EE280D00C8B943 /* CoreGraphics.framework in Frameworks */ = {isa = PBXBuildFile; fileRef = 9B2B161A17EE280D00C8B943 /* CoreGraphics.framework */; };
		9B2B162117EE280D00C8B943 /* InfoPlist.strings in Resources */ = {isa = PBXBuildFile; fileRef = 9B2B161F17EE280D00C8B943 /* InfoPlist.strings */; };
		9B2B162317EE280D00C8B943 /* main.m in Sources */ = {isa = PBXBuildFile; fileRef = 9B2B162217EE280D00C8B943 /* main.m */; };
		9B2B162717EE280D00C8B943 /* AppDelegate.m in Sources */ = {isa = PBXBuildFile; fileRef = 9B2B162617EE280D00C8B943 /* AppDelegate.m */; };
		9B2B162917EE280D00C8B943 /* Default.png in Resources */ = {isa = PBXBuildFile; fileRef = 9B2B162817EE280D00C8B943 /* Default.png */; };
		9B2B162B17EE280D00C8B943 /* Default@2x.png in Resources */ = {isa = PBXBuildFile; fileRef = 9B2B162A17EE280D00C8B943 /* Default@2x.png */; };
		9B2B162D17EE280D00C8B943 /* Default-568h@2x.png in Resources */ = {isa = PBXBuildFile; fileRef = 9B2B162C17EE280D00C8B943 /* Default-568h@2x.png */; };
		9B2B163017EE280D00C8B943 /* MainStoryboard.storyboard in Resources */ = {isa = PBXBuildFile; fileRef = 9B2B162E17EE280D00C8B943 /* MainStoryboard.storyboard */; };
		9B2B163317EE280D00C8B943 /* ShareViewController.mm in Sources */ = {isa = PBXBuildFile; fileRef = 9B2B163217EE280D00C8B943 /* ShareViewController.mm */; };
		9B2B163A17EE280D00C8B943 /* ScanViewController.m in Sources */ = {isa = PBXBuildFile; fileRef = 9B2B163917EE280D00C8B943 /* ScanViewController.m */; };
		9B2B164817EE29D500C8B943 /* LoginViewController.m in Sources */ = {isa = PBXBuildFile; fileRef = 9B2B164717EE29D500C8B943 /* LoginViewController.m */; };
		9B2B165417EE2C0600C8B943 /* inicon.jpeg in Resources */ = {isa = PBXBuildFile; fileRef = 9B2B165217EE2C0600C8B943 /* inicon.jpeg */; };
		9B2B165517EE2C0600C8B943 /* fbicon.jpeg in Resources */ = {isa = PBXBuildFile; fileRef = 9B2B165317EE2C0600C8B943 /* fbicon.jpeg */; };
		9B2B165817EE2C4A00C8B943 /* RegisterViewController.m in Sources */ = {isa = PBXBuildFile; fileRef = 9B2B165717EE2C4A00C8B943 /* RegisterViewController.m */; };
		9B2B165C17EE3E2D00C8B943 /* QuartzCore.framework in Frameworks */ = {isa = PBXBuildFile; fileRef = 9B2B165B17EE3E2D00C8B943 /* QuartzCore.framework */; };
		9BA1A0ED17EFB0B80071F73C /* SettingsViewController.m in Sources */ = {isa = PBXBuildFile; fileRef = 9BA1A0EC17EFB0B80071F73C /* SettingsViewController.m */; };
		9BA1A16117EFCF2F0071F73C /* libqrencoder.a in Frameworks */ = {isa = PBXBuildFile; fileRef = 9BA1A15C17EFCEF30071F73C /* libqrencoder.a */; };
		9BA68F4E17F7342D0041482C /* Localizable.strings in Resources */ = {isa = PBXBuildFile; fileRef = 9BA68F5017F7342D0041482C /* Localizable.strings */; };
		9BA68F5817F73CA20041482C /* 4304932707_e07e0fe53c_o.png in Resources */ = {isa = PBXBuildFile; fileRef = 9BA68F5717F73CA20041482C /* 4304932707_e07e0fe53c_o.png */; };
		9BAA12E117FF6AFA00E4EE04 /* SocialViewController.m in Sources */ = {isa = PBXBuildFile; fileRef = 9BAA12E017FF6AFA00E4EE04 /* SocialViewController.m */; };
		9BAA542C18030A2E00785373 /* qr.png in Resources */ = {isa = PBXBuildFile; fileRef = 9BAA542B18030A2E00785373 /* qr.png */; };
		9BAA542E18030A8200785373 /* camera.png in Resources */ = {isa = PBXBuildFile; fileRef = 9BAA542D18030A8200785373 /* camera.png */; };
		EF16AB551810AB05000DA919 /* libzbar.a in Frameworks */ = {isa = PBXBuildFile; fileRef = EF16AB4F1810AB05000DA919 /* libzbar.a */; };
		EF16AB561810AB05000DA919 /* zbar-back.png in Resources */ = {isa = PBXBuildFile; fileRef = EF16AB511810AB05000DA919 /* zbar-back.png */; };
		EF16AB571810AB05000DA919 /* zbar-help.html in Resources */ = {isa = PBXBuildFile; fileRef = EF16AB521810AB05000DA919 /* zbar-help.html */; };
		EF16AB581810AB05000DA919 /* zbar-helpicons.png in Resources */ = {isa = PBXBuildFile; fileRef = EF16AB531810AB05000DA919 /* zbar-helpicons.png */; };
		EF16AB591810AB05000DA919 /* zbar-samples.png in Resources */ = {isa = PBXBuildFile; fileRef = EF16AB541810AB05000DA919 /* zbar-samples.png */; };
		EF16AB5C1810AB2C000DA919 /* AudioToolbox.framework in Frameworks */ = {isa = PBXBuildFile; fileRef = EF16AB5B1810AB2C000DA919 /* AudioToolbox.framework */; };
		EF16AB5E1810AB3F000DA919 /* CoreMedia.framework in Frameworks */ = {isa = PBXBuildFile; fileRef = EF16AB5D1810AB3F000DA919 /* CoreMedia.framework */; };
		EF16AB601810AB6C000DA919 /* libiconv.dylib in Frameworks */ = {isa = PBXBuildFile; fileRef = EF16AB5F1810AB6C000DA919 /* libiconv.dylib */; };
		EF16AB621810AB7D000DA919 /* AVFoundation.framework in Frameworks */ = {isa = PBXBuildFile; fileRef = EF16AB611810AB7D000DA919 /* AVFoundation.framework */; };
		EF16AB641810AB8D000DA919 /* CoreVideo.framework in Frameworks */ = {isa = PBXBuildFile; fileRef = EF16AB631810AB8D000DA919 /* CoreVideo.framework */; };
		EF1F903C180216DD00FAFE98 /* Reachability.m in Sources */ = {isa = PBXBuildFile; fileRef = EF1F903B180216DD00FAFE98 /* Reachability.m */; };
		EF1F903F1802175000FAFE98 /* SystemConfiguration.framework in Frameworks */ = {isa = PBXBuildFile; fileRef = EF1F903E1802175000FAFE98 /* SystemConfiguration.framework */; };
		EFB2F34617FA2B460089DF48 /* XCTest.framework in Frameworks */ = {isa = PBXBuildFile; fileRef = EFB2F34517FA2B460089DF48 /* XCTest.framework */; };
		EFB2F34717FA2B460089DF48 /* Foundation.framework in Frameworks */ = {isa = PBXBuildFile; fileRef = 9B2B161817EE280D00C8B943 /* Foundation.framework */; };
		EFB2F34817FA2B460089DF48 /* UIKit.framework in Frameworks */ = {isa = PBXBuildFile; fileRef = 9B2B161617EE280D00C8B943 /* UIKit.framework */; };
		EFB2F34E17FA2B470089DF48 /* InfoPlist.strings in Resources */ = {isa = PBXBuildFile; fileRef = EFB2F34C17FA2B460089DF48 /* InfoPlist.strings */; };
		EFB2F35017FA2B470089DF48 /* Connect_Tests.m in Sources */ = {isa = PBXBuildFile; fileRef = EFB2F34F17FA2B470089DF48 /* Connect_Tests.m */; };
		EFB2F35D17FA53450089DF48 /* BackendProxy.m in Sources */ = {isa = PBXBuildFile; fileRef = EFB2F35C17FA53450089DF48 /* BackendProxy.m */; };
		EFF87F1E17FB1E1E00697803 /* serverResponse.m in Sources */ = {isa = PBXBuildFile; fileRef = EFF87F1D17FB1E1E00697803 /* serverResponse.m */; };
		EFF87F2C17FB4F4500697803 /* BackendProxy.m in Sources */ = {isa = PBXBuildFile; fileRef = EFB2F35C17FA53450089DF48 /* BackendProxy.m */; };
		EFF87F2E17FB4F4500697803 /* serverResponse.m in Sources */ = {isa = PBXBuildFile; fileRef = EFF87F1D17FB1E1E00697803 /* serverResponse.m */; };
/* End PBXBuildFile section */

/* Begin PBXContainerItemProxy section */
		9BA1A15B17EFCEF30071F73C /* PBXContainerItemProxy */ = {
			isa = PBXContainerItemProxy;
			containerPortal = 9BA1A15617EFCEF30071F73C /* QRCodeEncoderObjectiveCAtGithub.xcodeproj */;
			proxyType = 2;
			remoteGlobalIDString = 9672D35713BD662F0002B0E2;
			remoteInfo = qrencoder;
		};
		9BA1A15D17EFCEF30071F73C /* PBXContainerItemProxy */ = {
			isa = PBXContainerItemProxy;
			containerPortal = 9BA1A15617EFCEF30071F73C /* QRCodeEncoderObjectiveCAtGithub.xcodeproj */;
			proxyType = 2;
			remoteGlobalIDString = 9621844115431DBA00447877;
			remoteInfo = QRCodeEncoderDemo;
		};
		9BA1A15F17EFCF270071F73C /* PBXContainerItemProxy */ = {
			isa = PBXContainerItemProxy;
			containerPortal = 9BA1A15617EFCEF30071F73C /* QRCodeEncoderObjectiveCAtGithub.xcodeproj */;
			proxyType = 1;
			remoteGlobalIDString = 9672D35613BD662F0002B0E2;
			remoteInfo = qrencoder;
		};
		EFB2F35217FA2B470089DF48 /* PBXContainerItemProxy */ = {
			isa = PBXContainerItemProxy;
			containerPortal = 9B2B160B17EE280D00C8B943 /* Project object */;
			proxyType = 1;
			remoteGlobalIDString = 9B2B161217EE280D00C8B943;
			remoteInfo = Connect;
		};
/* End PBXContainerItemProxy section */

/* Begin PBXFileReference section */
		9B0C4D2317F6874000BF3EDD /* qricon.jpeg */ = {isa = PBXFileReference; lastKnownFileType = image.jpeg; path = qricon.jpeg; sourceTree = "<group>"; };
		9B0C4D2517F68DD000BF3EDD /* Security.framework */ = {isa = PBXFileReference; lastKnownFileType = wrapper.framework; name = Security.framework; path = System/Library/Frameworks/Security.framework; sourceTree = SDKROOT; };
		9B2B161317EE280D00C8B943 /* Connect.app */ = {isa = PBXFileReference; explicitFileType = wrapper.application; includeInIndex = 0; path = Connect.app; sourceTree = BUILT_PRODUCTS_DIR; };
		9B2B161617EE280D00C8B943 /* UIKit.framework */ = {isa = PBXFileReference; lastKnownFileType = wrapper.framework; name = UIKit.framework; path = System/Library/Frameworks/UIKit.framework; sourceTree = SDKROOT; };
		9B2B161817EE280D00C8B943 /* Foundation.framework */ = {isa = PBXFileReference; lastKnownFileType = wrapper.framework; name = Foundation.framework; path = System/Library/Frameworks/Foundation.framework; sourceTree = SDKROOT; };
		9B2B161A17EE280D00C8B943 /* CoreGraphics.framework */ = {isa = PBXFileReference; lastKnownFileType = wrapper.framework; name = CoreGraphics.framework; path = System/Library/Frameworks/CoreGraphics.framework; sourceTree = SDKROOT; };
		9B2B161E17EE280D00C8B943 /* Connect-Info.plist */ = {isa = PBXFileReference; lastKnownFileType = text.plist.xml; path = "Connect-Info.plist"; sourceTree = "<group>"; };
		9B2B162017EE280D00C8B943 /* en */ = {isa = PBXFileReference; lastKnownFileType = text.plist.strings; name = en; path = en.lproj/InfoPlist.strings; sourceTree = "<group>"; };
		9B2B162217EE280D00C8B943 /* main.m */ = {isa = PBXFileReference; lastKnownFileType = sourcecode.c.objc; path = main.m; sourceTree = "<group>"; };
		9B2B162417EE280D00C8B943 /* Connect-Prefix.pch */ = {isa = PBXFileReference; lastKnownFileType = sourcecode.c.h; path = "Connect-Prefix.pch"; sourceTree = "<group>"; };
		9B2B162517EE280D00C8B943 /* AppDelegate.h */ = {isa = PBXFileReference; lastKnownFileType = sourcecode.c.h; path = AppDelegate.h; sourceTree = "<group>"; };
		9B2B162617EE280D00C8B943 /* AppDelegate.m */ = {isa = PBXFileReference; lastKnownFileType = sourcecode.c.objc; path = AppDelegate.m; sourceTree = "<group>"; };
		9B2B162817EE280D00C8B943 /* Default.png */ = {isa = PBXFileReference; lastKnownFileType = image.png; path = Default.png; sourceTree = "<group>"; };
		9B2B162A17EE280D00C8B943 /* Default@2x.png */ = {isa = PBXFileReference; lastKnownFileType = image.png; path = "Default@2x.png"; sourceTree = "<group>"; };
		9B2B162C17EE280D00C8B943 /* Default-568h@2x.png */ = {isa = PBXFileReference; lastKnownFileType = image.png; path = "Default-568h@2x.png"; sourceTree = "<group>"; };
		9B2B162F17EE280D00C8B943 /* en */ = {isa = PBXFileReference; lastKnownFileType = file.storyboard; name = en; path = en.lproj/MainStoryboard.storyboard; sourceTree = "<group>"; };
		9B2B163117EE280D00C8B943 /* ShareViewController.h */ = {isa = PBXFileReference; lastKnownFileType = sourcecode.c.h; path = ShareViewController.h; sourceTree = "<group>"; };
		9B2B163217EE280D00C8B943 /* ShareViewController.mm */ = {isa = PBXFileReference; lastKnownFileType = sourcecode.cpp.objcpp; path = ShareViewController.mm; sourceTree = "<group>"; };
		9B2B163817EE280D00C8B943 /* ScanViewController.h */ = {isa = PBXFileReference; lastKnownFileType = sourcecode.c.h; path = ScanViewController.h; sourceTree = "<group>"; };
		9B2B163917EE280D00C8B943 /* ScanViewController.m */ = {isa = PBXFileReference; lastKnownFileType = sourcecode.c.objc; path = ScanViewController.m; sourceTree = "<group>"; };
		9B2B164617EE29D500C8B943 /* LoginViewController.h */ = {isa = PBXFileReference; fileEncoding = 4; lastKnownFileType = sourcecode.c.h; path = LoginViewController.h; sourceTree = "<group>"; };
		9B2B164717EE29D500C8B943 /* LoginViewController.m */ = {isa = PBXFileReference; fileEncoding = 4; lastKnownFileType = sourcecode.c.objc; path = LoginViewController.m; sourceTree = "<group>"; };
		9B2B165217EE2C0600C8B943 /* inicon.jpeg */ = {isa = PBXFileReference; lastKnownFileType = image.jpeg; path = inicon.jpeg; sourceTree = "<group>"; };
		9B2B165317EE2C0600C8B943 /* fbicon.jpeg */ = {isa = PBXFileReference; lastKnownFileType = image.jpeg; path = fbicon.jpeg; sourceTree = "<group>"; };
		9B2B165617EE2C4A00C8B943 /* RegisterViewController.h */ = {isa = PBXFileReference; fileEncoding = 4; lastKnownFileType = sourcecode.c.h; path = RegisterViewController.h; sourceTree = "<group>"; };
		9B2B165717EE2C4A00C8B943 /* RegisterViewController.m */ = {isa = PBXFileReference; fileEncoding = 4; lastKnownFileType = sourcecode.c.objc; path = RegisterViewController.m; sourceTree = "<group>"; };
		9B2B165B17EE3E2D00C8B943 /* QuartzCore.framework */ = {isa = PBXFileReference; lastKnownFileType = wrapper.framework; name = QuartzCore.framework; path = System/Library/Frameworks/QuartzCore.framework; sourceTree = SDKROOT; };
		9BA1A0EB17EFB0B80071F73C /* SettingsViewController.h */ = {isa = PBXFileReference; fileEncoding = 4; lastKnownFileType = sourcecode.c.h; path = SettingsViewController.h; sourceTree = "<group>"; };
		9BA1A0EC17EFB0B80071F73C /* SettingsViewController.m */ = {isa = PBXFileReference; fileEncoding = 4; lastKnownFileType = sourcecode.c.objc; path = SettingsViewController.m; sourceTree = "<group>"; };
		9BA1A15617EFCEF30071F73C /* QRCodeEncoderObjectiveCAtGithub.xcodeproj */ = {isa = PBXFileReference; lastKnownFileType = "wrapper.pb-project"; name = QRCodeEncoderObjectiveCAtGithub.xcodeproj; path = "src/QR-Code-Encoder-for-Objective-C/QRCodeEncoderObjectiveCAtGithub.xcodeproj"; sourceTree = "<group>"; };
		9BA68F4C17F733090041482C /* es */ = {isa = PBXFileReference; lastKnownFileType = file.storyboard; name = es; path = es.lproj/MainStoryboard.storyboard; sourceTree = "<group>"; };
		9BA68F4D17F733090041482C /* es */ = {isa = PBXFileReference; lastKnownFileType = text.plist.strings; name = es; path = es.lproj/InfoPlist.strings; sourceTree = "<group>"; };
		9BA68F4F17F7342D0041482C /* en */ = {isa = PBXFileReference; lastKnownFileType = text.plist.strings; name = en; path = en.lproj/Localizable.strings; sourceTree = "<group>"; };
		9BA68F5217F737B60041482C /* es */ = {isa = PBXFileReference; lastKnownFileType = text.plist.strings; name = es; path = es.lproj/Localizable.strings; sourceTree = "<group>"; };
		9BA68F5717F73CA20041482C /* 4304932707_e07e0fe53c_o.png */ = {isa = PBXFileReference; lastKnownFileType = image.png; path = 4304932707_e07e0fe53c_o.png; sourceTree = "<group>"; };
		9BAA12DF17FF6AFA00E4EE04 /* SocialViewController.h */ = {isa = PBXFileReference; fileEncoding = 4; lastKnownFileType = sourcecode.c.h; path = SocialViewController.h; sourceTree = "<group>"; };
		9BAA12E017FF6AFA00E4EE04 /* SocialViewController.m */ = {isa = PBXFileReference; fileEncoding = 4; lastKnownFileType = sourcecode.c.objc; path = SocialViewController.m; sourceTree = "<group>"; };
		9BAA542B18030A2E00785373 /* qr.png */ = {isa = PBXFileReference; lastKnownFileType = image.png; path = qr.png; sourceTree = "<group>"; };
		9BAA542D18030A8200785373 /* camera.png */ = {isa = PBXFileReference; lastKnownFileType = image.png; path = camera.png; sourceTree = "<group>"; };
		EF16AB3B1810AB05000DA919 /* Decoder.h */ = {isa = PBXFileReference; fileEncoding = 4; lastKnownFileType = sourcecode.c.h; path = Decoder.h; sourceTree = "<group>"; };
		EF16AB3C1810AB05000DA919 /* Exception.h */ = {isa = PBXFileReference; fileEncoding = 4; lastKnownFileType = sourcecode.c.h; path = Exception.h; sourceTree = "<group>"; };
		EF16AB3D1810AB05000DA919 /* Image.h */ = {isa = PBXFileReference; fileEncoding = 4; lastKnownFileType = sourcecode.c.h; path = Image.h; sourceTree = "<group>"; };
		EF16AB3E1810AB05000DA919 /* ImageScanner.h */ = {isa = PBXFileReference; fileEncoding = 4; lastKnownFileType = sourcecode.c.h; path = ImageScanner.h; sourceTree = "<group>"; };
		EF16AB3F1810AB05000DA919 /* Processor.h */ = {isa = PBXFileReference; fileEncoding = 4; lastKnownFileType = sourcecode.c.h; path = Processor.h; sourceTree = "<group>"; };
		EF16AB401810AB05000DA919 /* Scanner.h */ = {isa = PBXFileReference; fileEncoding = 4; lastKnownFileType = sourcecode.c.h; path = Scanner.h; sourceTree = "<group>"; };
		EF16AB411810AB05000DA919 /* Symbol.h */ = {isa = PBXFileReference; fileEncoding = 4; lastKnownFileType = sourcecode.c.h; path = Symbol.h; sourceTree = "<group>"; };
		EF16AB421810AB05000DA919 /* Video.h */ = {isa = PBXFileReference; fileEncoding = 4; lastKnownFileType = sourcecode.c.h; path = Video.h; sourceTree = "<group>"; };
		EF16AB431810AB05000DA919 /* Window.h */ = {isa = PBXFileReference; fileEncoding = 4; lastKnownFileType = sourcecode.c.h; path = Window.h; sourceTree = "<group>"; };
		EF16AB441810AB05000DA919 /* zbar.h */ = {isa = PBXFileReference; fileEncoding = 4; lastKnownFileType = sourcecode.c.h; path = zbar.h; sourceTree = "<group>"; };
		EF16AB451810AB05000DA919 /* ZBarCameraSimulator.h */ = {isa = PBXFileReference; fileEncoding = 4; lastKnownFileType = sourcecode.c.h; path = ZBarCameraSimulator.h; sourceTree = "<group>"; };
		EF16AB461810AB05000DA919 /* ZBarCaptureReader.h */ = {isa = PBXFileReference; fileEncoding = 4; lastKnownFileType = sourcecode.c.h; path = ZBarCaptureReader.h; sourceTree = "<group>"; };
		EF16AB471810AB05000DA919 /* ZBarHelpController.h */ = {isa = PBXFileReference; fileEncoding = 4; lastKnownFileType = sourcecode.c.h; path = ZBarHelpController.h; sourceTree = "<group>"; };
		EF16AB481810AB05000DA919 /* ZBarImage.h */ = {isa = PBXFileReference; fileEncoding = 4; lastKnownFileType = sourcecode.c.h; path = ZBarImage.h; sourceTree = "<group>"; };
		EF16AB491810AB05000DA919 /* ZBarImageScanner.h */ = {isa = PBXFileReference; fileEncoding = 4; lastKnownFileType = sourcecode.c.h; path = ZBarImageScanner.h; sourceTree = "<group>"; };
		EF16AB4A1810AB05000DA919 /* ZBarReaderController.h */ = {isa = PBXFileReference; fileEncoding = 4; lastKnownFileType = sourcecode.c.h; path = ZBarReaderController.h; sourceTree = "<group>"; };
		EF16AB4B1810AB05000DA919 /* ZBarReaderView.h */ = {isa = PBXFileReference; fileEncoding = 4; lastKnownFileType = sourcecode.c.h; path = ZBarReaderView.h; sourceTree = "<group>"; };
		EF16AB4C1810AB05000DA919 /* ZBarReaderViewController.h */ = {isa = PBXFileReference; fileEncoding = 4; lastKnownFileType = sourcecode.c.h; path = ZBarReaderViewController.h; sourceTree = "<group>"; };
		EF16AB4D1810AB05000DA919 /* ZBarSDK.h */ = {isa = PBXFileReference; fileEncoding = 4; lastKnownFileType = sourcecode.c.h; path = ZBarSDK.h; sourceTree = "<group>"; };
		EF16AB4E1810AB05000DA919 /* ZBarSymbol.h */ = {isa = PBXFileReference; fileEncoding = 4; lastKnownFileType = sourcecode.c.h; path = ZBarSymbol.h; sourceTree = "<group>"; };
		EF16AB4F1810AB05000DA919 /* libzbar.a */ = {isa = PBXFileReference; lastKnownFileType = archive.ar; path = libzbar.a; sourceTree = "<group>"; };
		EF16AB511810AB05000DA919 /* zbar-back.png */ = {isa = PBXFileReference; lastKnownFileType = image.png; path = "zbar-back.png"; sourceTree = "<group>"; };
		EF16AB521810AB05000DA919 /* zbar-help.html */ = {isa = PBXFileReference; fileEncoding = 4; lastKnownFileType = text.html; path = "zbar-help.html"; sourceTree = "<group>"; };
		EF16AB531810AB05000DA919 /* zbar-helpicons.png */ = {isa = PBXFileReference; lastKnownFileType = image.png; path = "zbar-helpicons.png"; sourceTree = "<group>"; };
		EF16AB541810AB05000DA919 /* zbar-samples.png */ = {isa = PBXFileReference; lastKnownFileType = image.png; path = "zbar-samples.png"; sourceTree = "<group>"; };
		EF16AB5B1810AB2C000DA919 /* AudioToolbox.framework */ = {isa = PBXFileReference; lastKnownFileType = wrapper.framework; name = AudioToolbox.framework; path = System/Library/Frameworks/AudioToolbox.framework; sourceTree = SDKROOT; };
		EF16AB5D1810AB3F000DA919 /* CoreMedia.framework */ = {isa = PBXFileReference; lastKnownFileType = wrapper.framework; name = CoreMedia.framework; path = System/Library/Frameworks/CoreMedia.framework; sourceTree = SDKROOT; };
		EF16AB5F1810AB6C000DA919 /* libiconv.dylib */ = {isa = PBXFileReference; lastKnownFileType = "compiled.mach-o.dylib"; name = libiconv.dylib; path = usr/lib/libiconv.dylib; sourceTree = SDKROOT; };
		EF16AB611810AB7D000DA919 /* AVFoundation.framework */ = {isa = PBXFileReference; lastKnownFileType = wrapper.framework; name = AVFoundation.framework; path = System/Library/Frameworks/AVFoundation.framework; sourceTree = SDKROOT; };
		EF16AB631810AB8D000DA919 /* CoreVideo.framework */ = {isa = PBXFileReference; lastKnownFileType = wrapper.framework; name = CoreVideo.framework; path = System/Library/Frameworks/CoreVideo.framework; sourceTree = SDKROOT; };
		EF1F903A180216DD00FAFE98 /* Reachability.h */ = {isa = PBXFileReference; fileEncoding = 4; lastKnownFileType = sourcecode.c.h; path = Reachability.h; sourceTree = "<group>"; };
		EF1F903B180216DD00FAFE98 /* Reachability.m */ = {isa = PBXFileReference; fileEncoding = 4; lastKnownFileType = sourcecode.c.objc; path = Reachability.m; sourceTree = "<group>"; };
		EF1F903E1802175000FAFE98 /* SystemConfiguration.framework */ = {isa = PBXFileReference; lastKnownFileType = wrapper.framework; name = SystemConfiguration.framework; path = System/Library/Frameworks/SystemConfiguration.framework; sourceTree = SDKROOT; };
		EFB2F34417FA2B460089DF48 /* Connect Tests.xctest */ = {isa = PBXFileReference; explicitFileType = wrapper.cfbundle; includeInIndex = 0; path = "Connect Tests.xctest"; sourceTree = BUILT_PRODUCTS_DIR; };
		EFB2F34517FA2B460089DF48 /* XCTest.framework */ = {isa = PBXFileReference; lastKnownFileType = wrapper.framework; name = XCTest.framework; path = Library/Frameworks/XCTest.framework; sourceTree = DEVELOPER_DIR; };
		EFB2F34B17FA2B460089DF48 /* Connect Tests-Info.plist */ = {isa = PBXFileReference; lastKnownFileType = text.plist.xml; path = "Connect Tests-Info.plist"; sourceTree = "<group>"; };
		EFB2F34D17FA2B460089DF48 /* en */ = {isa = PBXFileReference; lastKnownFileType = text.plist.strings; name = en; path = en.lproj/InfoPlist.strings; sourceTree = "<group>"; };
		EFB2F34F17FA2B470089DF48 /* Connect_Tests.m */ = {isa = PBXFileReference; lastKnownFileType = sourcecode.c.objc; path = Connect_Tests.m; sourceTree = "<group>"; };
		EFB2F35117FA2B470089DF48 /* Connect Tests-Prefix.pch */ = {isa = PBXFileReference; lastKnownFileType = sourcecode.c.h; path = "Connect Tests-Prefix.pch"; sourceTree = "<group>"; };
		EFB2F35B17FA53450089DF48 /* BackendProxy.h */ = {isa = PBXFileReference; fileEncoding = 4; lastKnownFileType = sourcecode.c.h; path = BackendProxy.h; sourceTree = "<group>"; };
		EFB2F35C17FA53450089DF48 /* BackendProxy.m */ = {isa = PBXFileReference; fileEncoding = 4; lastKnownFileType = sourcecode.c.objc; path = BackendProxy.m; sourceTree = "<group>"; };
		EFF87F1C17FB1E1E00697803 /* serverResponse.h */ = {isa = PBXFileReference; fileEncoding = 4; lastKnownFileType = sourcecode.c.h; path = serverResponse.h; sourceTree = "<group>"; };
		EFF87F1D17FB1E1E00697803 /* serverResponse.m */ = {isa = PBXFileReference; fileEncoding = 4; lastKnownFileType = sourcecode.c.objc; path = serverResponse.m; sourceTree = "<group>"; };
/* End PBXFileReference section */

/* Begin PBXFrameworksBuildPhase section */
		9B2B161017EE280D00C8B943 /* Frameworks */ = {
			isa = PBXFrameworksBuildPhase;
			buildActionMask = 2147483647;
			files = (
				EF16AB641810AB8D000DA919 /* CoreVideo.framework in Frameworks */,
				EF16AB621810AB7D000DA919 /* AVFoundation.framework in Frameworks */,
				EF16AB601810AB6C000DA919 /* libiconv.dylib in Frameworks */,
				EF1F903F1802175000FAFE98 /* SystemConfiguration.framework in Frameworks */,
				9B2B165C17EE3E2D00C8B943 /* QuartzCore.framework in Frameworks */,
				EF16AB5E1810AB3F000DA919 /* CoreMedia.framework in Frameworks */,
				EF16AB5C1810AB2C000DA919 /* AudioToolbox.framework in Frameworks */,
				9B0C4D2617F68DD000BF3EDD /* Security.framework in Frameworks */,
				9BA1A16117EFCF2F0071F73C /* libqrencoder.a in Frameworks */,
				9B2B161717EE280D00C8B943 /* UIKit.framework in Frameworks */,
				9B2B161917EE280D00C8B943 /* Foundation.framework in Frameworks */,
				EF16AB551810AB05000DA919 /* libzbar.a in Frameworks */,
				9B2B161B17EE280D00C8B943 /* CoreGraphics.framework in Frameworks */,
			);
			runOnlyForDeploymentPostprocessing = 0;
		};
		EFB2F34117FA2B460089DF48 /* Frameworks */ = {
			isa = PBXFrameworksBuildPhase;
			buildActionMask = 2147483647;
			files = (
				EFB2F34617FA2B460089DF48 /* XCTest.framework in Frameworks */,
				EFB2F34817FA2B460089DF48 /* UIKit.framework in Frameworks */,
				EFB2F34717FA2B460089DF48 /* Foundation.framework in Frameworks */,
			);
			runOnlyForDeploymentPostprocessing = 0;
		};
/* End PBXFrameworksBuildPhase section */

/* Begin PBXGroup section */
		9B2B160A17EE280D00C8B943 = {
			isa = PBXGroup;
			children = (
				EF16AB371810AB05000DA919 /* ZBarSDK */,
				9BA1A15617EFCEF30071F73C /* QRCodeEncoderObjectiveCAtGithub.xcodeproj */,
				9B2B161C17EE280D00C8B943 /* Connect */,
				EFB2F34917FA2B460089DF48 /* Connect Tests */,
				9B2B161517EE280D00C8B943 /* Frameworks */,
				9B2B161417EE280D00C8B943 /* Products */,
			);
			sourceTree = "<group>";
		};
		9B2B161417EE280D00C8B943 /* Products */ = {
			isa = PBXGroup;
			children = (
				9B2B161317EE280D00C8B943 /* Connect.app */,
				EFB2F34417FA2B460089DF48 /* Connect Tests.xctest */,
			);
			name = Products;
			sourceTree = "<group>";
		};
		9B2B161517EE280D00C8B943 /* Frameworks */ = {
			isa = PBXGroup;
			children = (
				EF16AB631810AB8D000DA919 /* CoreVideo.framework */,
				EF16AB611810AB7D000DA919 /* AVFoundation.framework */,
				EF16AB5F1810AB6C000DA919 /* libiconv.dylib */,
				EF16AB5D1810AB3F000DA919 /* CoreMedia.framework */,
				EF16AB5B1810AB2C000DA919 /* AudioToolbox.framework */,
				EF1F903E1802175000FAFE98 /* SystemConfiguration.framework */,
				9B0C4D2517F68DD000BF3EDD /* Security.framework */,
				9B2B165B17EE3E2D00C8B943 /* QuartzCore.framework */,
				9B2B161617EE280D00C8B943 /* UIKit.framework */,
				9B2B161817EE280D00C8B943 /* Foundation.framework */,
				9B2B161A17EE280D00C8B943 /* CoreGraphics.framework */,
				EFB2F34517FA2B460089DF48 /* XCTest.framework */,
			);
			name = Frameworks;
			sourceTree = "<group>";
		};
		9B2B161C17EE280D00C8B943 /* Connect */ = {
			isa = PBXGroup;
			children = (
				9B2B164417EE293000C8B943 /* Resoruce */,
				9B2B162517EE280D00C8B943 /* AppDelegate.h */,
				9B2B162617EE280D00C8B943 /* AppDelegate.m */,
				9B2B162E17EE280D00C8B943 /* MainStoryboard.storyboard */,
				9BA68F5017F7342D0041482C /* Localizable.strings */,
				9B2B163117EE280D00C8B943 /* ShareViewController.h */,
				9B2B163217EE280D00C8B943 /* ShareViewController.mm */,
				9B2B163817EE280D00C8B943 /* ScanViewController.h */,
				9B2B163917EE280D00C8B943 /* ScanViewController.m */,
				9B2B164617EE29D500C8B943 /* LoginViewController.h */,
				9B2B164717EE29D500C8B943 /* LoginViewController.m */,
				EF1F903A180216DD00FAFE98 /* Reachability.h */,
				EF1F903B180216DD00FAFE98 /* Reachability.m */,
				9B2B165617EE2C4A00C8B943 /* RegisterViewController.h */,
				9B2B165717EE2C4A00C8B943 /* RegisterViewController.m */,
				EFB2F35B17FA53450089DF48 /* BackendProxy.h */,
				EFB2F35C17FA53450089DF48 /* BackendProxy.m */,
				EFF87F1C17FB1E1E00697803 /* serverResponse.h */,
				EFF87F1D17FB1E1E00697803 /* serverResponse.m */,
				9BA1A0EB17EFB0B80071F73C /* SettingsViewController.h */,
				9BA1A0EC17EFB0B80071F73C /* SettingsViewController.m */,
				9BAA12DF17FF6AFA00E4EE04 /* SocialViewController.h */,
				9BAA12E017FF6AFA00E4EE04 /* SocialViewController.m */,
				9B2B161D17EE280D00C8B943 /* Supporting Files */,
			);
			path = Connect;
			sourceTree = "<group>";
		};
		9B2B161D17EE280D00C8B943 /* Supporting Files */ = {
			isa = PBXGroup;
			children = (
				9B2B161E17EE280D00C8B943 /* Connect-Info.plist */,
				9B2B161F17EE280D00C8B943 /* InfoPlist.strings */,
				9B2B162217EE280D00C8B943 /* main.m */,
				9B2B162417EE280D00C8B943 /* Connect-Prefix.pch */,
				9B2B162817EE280D00C8B943 /* Default.png */,
				9B2B162A17EE280D00C8B943 /* Default@2x.png */,
				9B2B162C17EE280D00C8B943 /* Default-568h@2x.png */,
			);
			name = "Supporting Files";
			sourceTree = "<group>";
		};
		9B2B164417EE293000C8B943 /* Resoruce */ = {
			isa = PBXGroup;
			children = (
				9B2B164517EE293900C8B943 /* Images */,
			);
			name = Resoruce;
			sourceTree = "<group>";
		};
		9B2B164517EE293900C8B943 /* Images */ = {
			isa = PBXGroup;
			children = (
				9BAA542B18030A2E00785373 /* qr.png */,
				9BAA542D18030A8200785373 /* camera.png */,
				9BA68F5717F73CA20041482C /* 4304932707_e07e0fe53c_o.png */,
				9B0C4D2317F6874000BF3EDD /* qricon.jpeg */,
				9B2B165217EE2C0600C8B943 /* inicon.jpeg */,
				9B2B165317EE2C0600C8B943 /* fbicon.jpeg */,
			);
			name = Images;
			sourceTree = "<group>";
		};
		9BA1A15717EFCEF30071F73C /* Products */ = {
			isa = PBXGroup;
			children = (
				9BA1A15C17EFCEF30071F73C /* libqrencoder.a */,
				9BA1A15E17EFCEF30071F73C /* QRCodeEncoderDemo.app */,
			);
			name = Products;
			sourceTree = "<group>";
		};
		EF16AB371810AB05000DA919 /* ZBarSDK */ = {
			isa = PBXGroup;
			children = (
				EF16AB381810AB05000DA919 /* Headers */,
				EF16AB4F1810AB05000DA919 /* libzbar.a */,
				EF16AB501810AB05000DA919 /* Resources */,
			);
			path = ZBarSDK;
			sourceTree = "<group>";
		};
		EF16AB381810AB05000DA919 /* Headers */ = {
			isa = PBXGroup;
			children = (
				EF16AB391810AB05000DA919 /* ZBarSDK */,
			);
			path = Headers;
			sourceTree = "<group>";
		};
		EF16AB391810AB05000DA919 /* ZBarSDK */ = {
			isa = PBXGroup;
			children = (
				EF16AB3A1810AB05000DA919 /* zbar */,
				EF16AB441810AB05000DA919 /* zbar.h */,
				EF16AB451810AB05000DA919 /* ZBarCameraSimulator.h */,
				EF16AB461810AB05000DA919 /* ZBarCaptureReader.h */,
				EF16AB471810AB05000DA919 /* ZBarHelpController.h */,
				EF16AB481810AB05000DA919 /* ZBarImage.h */,
				EF16AB491810AB05000DA919 /* ZBarImageScanner.h */,
				EF16AB4A1810AB05000DA919 /* ZBarReaderController.h */,
				EF16AB4B1810AB05000DA919 /* ZBarReaderView.h */,
				EF16AB4C1810AB05000DA919 /* ZBarReaderViewController.h */,
				EF16AB4D1810AB05000DA919 /* ZBarSDK.h */,
				EF16AB4E1810AB05000DA919 /* ZBarSymbol.h */,
			);
			path = ZBarSDK;
			sourceTree = "<group>";
		};
		EF16AB3A1810AB05000DA919 /* zbar */ = {
			isa = PBXGroup;
			children = (
				EF16AB3B1810AB05000DA919 /* Decoder.h */,
				EF16AB3C1810AB05000DA919 /* Exception.h */,
				EF16AB3D1810AB05000DA919 /* Image.h */,
				EF16AB3E1810AB05000DA919 /* ImageScanner.h */,
				EF16AB3F1810AB05000DA919 /* Processor.h */,
				EF16AB401810AB05000DA919 /* Scanner.h */,
				EF16AB411810AB05000DA919 /* Symbol.h */,
				EF16AB421810AB05000DA919 /* Video.h */,
				EF16AB431810AB05000DA919 /* Window.h */,
			);
			path = zbar;
			sourceTree = "<group>";
		};
		EF16AB501810AB05000DA919 /* Resources */ = {
			isa = PBXGroup;
			children = (
				EF16AB511810AB05000DA919 /* zbar-back.png */,
				EF16AB521810AB05000DA919 /* zbar-help.html */,
				EF16AB531810AB05000DA919 /* zbar-helpicons.png */,
				EF16AB541810AB05000DA919 /* zbar-samples.png */,
			);
			path = Resources;
			sourceTree = "<group>";
		};
		EFB2F34917FA2B460089DF48 /* Connect Tests */ = {
			isa = PBXGroup;
			children = (
				EFB2F34F17FA2B470089DF48 /* Connect_Tests.m */,
				EFB2F34A17FA2B460089DF48 /* Supporting Files */,
			);
			path = "Connect Tests";
			sourceTree = "<group>";
		};
		EFB2F34A17FA2B460089DF48 /* Supporting Files */ = {
			isa = PBXGroup;
			children = (
				EFB2F34B17FA2B460089DF48 /* Connect Tests-Info.plist */,
				EFB2F34C17FA2B460089DF48 /* InfoPlist.strings */,
				EFB2F35117FA2B470089DF48 /* Connect Tests-Prefix.pch */,
			);
			name = "Supporting Files";
			sourceTree = "<group>";
		};
/* End PBXGroup section */

/* Begin PBXNativeTarget section */
		9B2B161217EE280D00C8B943 /* Connect */ = {
			isa = PBXNativeTarget;
			buildConfigurationList = 9B2B164117EE280D00C8B943 /* Build configuration list for PBXNativeTarget "Connect" */;
			buildPhases = (
				9B2B160F17EE280D00C8B943 /* Sources */,
				9B2B161017EE280D00C8B943 /* Frameworks */,
				9B2B161117EE280D00C8B943 /* Resources */,
			);
			buildRules = (
			);
			dependencies = (
				9BA1A16017EFCF270071F73C /* PBXTargetDependency */,
			);
			name = Connect;
			productName = Connect;
			productReference = 9B2B161317EE280D00C8B943 /* Connect.app */;
			productType = "com.apple.product-type.application";
		};
		EFB2F34317FA2B460089DF48 /* Connect Tests */ = {
			isa = PBXNativeTarget;
			buildConfigurationList = EFB2F35717FA2B470089DF48 /* Build configuration list for PBXNativeTarget "Connect Tests" */;
			buildPhases = (
				EFB2F34017FA2B460089DF48 /* Sources */,
				EFB2F34117FA2B460089DF48 /* Frameworks */,
				EFB2F34217FA2B460089DF48 /* Resources */,
			);
			buildRules = (
			);
			dependencies = (
				EFB2F35317FA2B470089DF48 /* PBXTargetDependency */,
			);
			name = "Connect Tests";
			productName = "Connect Tests";
			productReference = EFB2F34417FA2B460089DF48 /* Connect Tests.xctest */;
			productType = "com.apple.product-type.bundle.unit-test";
		};
/* End PBXNativeTarget section */

/* Begin PBXProject section */
		9B2B160B17EE280D00C8B943 /* Project object */ = {
			isa = PBXProject;
			attributes = {
				LastUpgradeCheck = 0460;
				ORGANIZATIONNAME = PIS;
				TargetAttributes = {
					EFB2F34317FA2B460089DF48 = {
						TestTargetID = 9B2B161217EE280D00C8B943;
					};
				};
			};
			buildConfigurationList = 9B2B160E17EE280D00C8B943 /* Build configuration list for PBXProject "Connect" */;
			compatibilityVersion = "Xcode 3.2";
			developmentRegion = English;
			hasScannedForEncodings = 0;
			knownRegions = (
				en,
				es,
			);
			mainGroup = 9B2B160A17EE280D00C8B943;
			productRefGroup = 9B2B161417EE280D00C8B943 /* Products */;
			projectDirPath = "";
			projectReferences = (
				{
					ProductGroup = 9BA1A15717EFCEF30071F73C /* Products */;
					ProjectRef = 9BA1A15617EFCEF30071F73C /* QRCodeEncoderObjectiveCAtGithub.xcodeproj */;
				},
			);
			projectRoot = "";
			targets = (
				9B2B161217EE280D00C8B943 /* Connect */,
				EFB2F34317FA2B460089DF48 /* Connect Tests */,
			);
		};
/* End PBXProject section */

/* Begin PBXReferenceProxy section */
		9BA1A15C17EFCEF30071F73C /* libqrencoder.a */ = {
			isa = PBXReferenceProxy;
			fileType = archive.ar;
			path = libqrencoder.a;
			remoteRef = 9BA1A15B17EFCEF30071F73C /* PBXContainerItemProxy */;
			sourceTree = BUILT_PRODUCTS_DIR;
		};
		9BA1A15E17EFCEF30071F73C /* QRCodeEncoderDemo.app */ = {
			isa = PBXReferenceProxy;
			fileType = wrapper.application;
			path = QRCodeEncoderDemo.app;
			remoteRef = 9BA1A15D17EFCEF30071F73C /* PBXContainerItemProxy */;
			sourceTree = BUILT_PRODUCTS_DIR;
		};
/* End PBXReferenceProxy section */

/* Begin PBXResourcesBuildPhase section */
		9B2B161117EE280D00C8B943 /* Resources */ = {
			isa = PBXResourcesBuildPhase;
			buildActionMask = 2147483647;
			files = (
				EF16AB561810AB05000DA919 /* zbar-back.png in Resources */,
				9B2B162117EE280D00C8B943 /* InfoPlist.strings in Resources */,
				9BA68F5817F73CA20041482C /* 4304932707_e07e0fe53c_o.png in Resources */,
				9BAA542C18030A2E00785373 /* qr.png in Resources */,
				EF16AB591810AB05000DA919 /* zbar-samples.png in Resources */,
				9B2B162917EE280D00C8B943 /* Default.png in Resources */,
				EF16AB581810AB05000DA919 /* zbar-helpicons.png in Resources */,
				9B2B162B17EE280D00C8B943 /* Default@2x.png in Resources */,
				9B0C4D2417F6874000BF3EDD /* qricon.jpeg in Resources */,
				9BAA542E18030A8200785373 /* camera.png in Resources */,
				9BA68F4E17F7342D0041482C /* Localizable.strings in Resources */,
				9B2B162D17EE280D00C8B943 /* Default-568h@2x.png in Resources */,
				9B2B163017EE280D00C8B943 /* MainStoryboard.storyboard in Resources */,
				9B2B165417EE2C0600C8B943 /* inicon.jpeg in Resources */,
				EF16AB571810AB05000DA919 /* zbar-help.html in Resources */,
				9B2B165517EE2C0600C8B943 /* fbicon.jpeg in Resources */,
			);
			runOnlyForDeploymentPostprocessing = 0;
		};
		EFB2F34217FA2B460089DF48 /* Resources */ = {
			isa = PBXResourcesBuildPhase;
			buildActionMask = 2147483647;
			files = (
				EFB2F34E17FA2B470089DF48 /* InfoPlist.strings in Resources */,
			);
			runOnlyForDeploymentPostprocessing = 0;
		};
/* End PBXResourcesBuildPhase section */

/* Begin PBXSourcesBuildPhase section */
		9B2B160F17EE280D00C8B943 /* Sources */ = {
			isa = PBXSourcesBuildPhase;
			buildActionMask = 2147483647;
			files = (
				EFF87F1E17FB1E1E00697803 /* serverResponse.m in Sources */,
				9B2B162317EE280D00C8B943 /* main.m in Sources */,
				9B2B162717EE280D00C8B943 /* AppDelegate.m in Sources */,
				EF1F903C180216DD00FAFE98 /* Reachability.m in Sources */,
				9B2B163317EE280D00C8B943 /* ShareViewController.mm in Sources */,
				EFB2F35D17FA53450089DF48 /* BackendProxy.m in Sources */,
				9B2B163A17EE280D00C8B943 /* ScanViewController.m in Sources */,
				9B2B164817EE29D500C8B943 /* LoginViewController.m in Sources */,
				9BAA12E117FF6AFA00E4EE04 /* SocialViewController.m in Sources */,
				9B2B165817EE2C4A00C8B943 /* RegisterViewController.m in Sources */,
				9BA1A0ED17EFB0B80071F73C /* SettingsViewController.m in Sources */,
			);
			runOnlyForDeploymentPostprocessing = 0;
		};
		EFB2F34017FA2B460089DF48 /* Sources */ = {
			isa = PBXSourcesBuildPhase;
			buildActionMask = 2147483647;
			files = (
				EFF87F2C17FB4F4500697803 /* BackendProxy.m in Sources */,
				EFF87F2E17FB4F4500697803 /* serverResponse.m in Sources */,
				EFB2F35017FA2B470089DF48 /* Connect_Tests.m in Sources */,
			);
			runOnlyForDeploymentPostprocessing = 0;
		};
/* End PBXSourcesBuildPhase section */

/* Begin PBXTargetDependency section */
		9BA1A16017EFCF270071F73C /* PBXTargetDependency */ = {
			isa = PBXTargetDependency;
			name = qrencoder;
			targetProxy = 9BA1A15F17EFCF270071F73C /* PBXContainerItemProxy */;
		};
		EFB2F35317FA2B470089DF48 /* PBXTargetDependency */ = {
			isa = PBXTargetDependency;
			target = 9B2B161217EE280D00C8B943 /* Connect */;
			targetProxy = EFB2F35217FA2B470089DF48 /* PBXContainerItemProxy */;
		};
/* End PBXTargetDependency section */

/* Begin PBXVariantGroup section */
		9B2B161F17EE280D00C8B943 /* InfoPlist.strings */ = {
			isa = PBXVariantGroup;
			children = (
				9B2B162017EE280D00C8B943 /* en */,
				9BA68F4D17F733090041482C /* es */,
			);
			name = InfoPlist.strings;
			sourceTree = "<group>";
		};
		9B2B162E17EE280D00C8B943 /* MainStoryboard.storyboard */ = {
			isa = PBXVariantGroup;
			children = (
				9B2B162F17EE280D00C8B943 /* en */,
				9BA68F4C17F733090041482C /* es */,
			);
			name = MainStoryboard.storyboard;
			sourceTree = "<group>";
		};
		9BA68F5017F7342D0041482C /* Localizable.strings */ = {
			isa = PBXVariantGroup;
			children = (
				9BA68F4F17F7342D0041482C /* en */,
				9BA68F5217F737B60041482C /* es */,
			);
			name = Localizable.strings;
			sourceTree = "<group>";
		};
		EFB2F34C17FA2B460089DF48 /* InfoPlist.strings */ = {
			isa = PBXVariantGroup;
			children = (
				EFB2F34D17FA2B460089DF48 /* en */,
			);
			name = InfoPlist.strings;
			sourceTree = "<group>";
		};
/* End PBXVariantGroup section */

/* Begin XCBuildConfiguration section */
		9B2B163F17EE280D00C8B943 /* Debug */ = {
			isa = XCBuildConfiguration;
			buildSettings = {
				ALWAYS_SEARCH_USER_PATHS = NO;
				CLANG_CXX_LANGUAGE_STANDARD = "gnu++0x";
				CLANG_CXX_LIBRARY = "libc++";
				CLANG_ENABLE_OBJC_ARC = YES;
				CLANG_WARN_CONSTANT_CONVERSION = YES;
				CLANG_WARN_EMPTY_BODY = YES;
				CLANG_WARN_ENUM_CONVERSION = YES;
				CLANG_WARN_INT_CONVERSION = YES;
				CLANG_WARN__DUPLICATE_METHOD_MATCH = YES;
				"CODE_SIGN_IDENTITY[sdk=iphoneos*]" = "iPhone Developer: Fabian Kremer (63F2AZR7H6)";
				COPY_PHASE_STRIP = NO;
				GCC_C_LANGUAGE_STANDARD = gnu99;
				GCC_DYNAMIC_NO_PIC = NO;
				GCC_OPTIMIZATION_LEVEL = 0;
				GCC_PREPROCESSOR_DEFINITIONS = (
					"DEBUG=1",
					"$(inherited)",
				);
				GCC_SYMBOLS_PRIVATE_EXTERN = NO;
				GCC_WARN_ABOUT_RETURN_TYPE = YES;
				GCC_WARN_UNINITIALIZED_AUTOS = YES;
				GCC_WARN_UNUSED_VARIABLE = YES;
				HEADER_SEARCH_PATHS = "${SRCROOT}/src/QR-Code-Encoder-for-Objective-C";
				IPHONEOS_DEPLOYMENT_TARGET = 6.1;
				ONLY_ACTIVE_ARCH = YES;
				OTHER_LDFLAGS = (
					"-all_load",
					"-ObjC",
				);
				SDKROOT = iphoneos;
				VALID_ARCHS = "arm64 armv7 armv7s";
			};
			name = Debug;
		};
		9B2B164017EE280D00C8B943 /* Release */ = {
			isa = XCBuildConfiguration;
			buildSettings = {
				ALWAYS_SEARCH_USER_PATHS = NO;
				CLANG_CXX_LANGUAGE_STANDARD = "gnu++0x";
				CLANG_CXX_LIBRARY = "libc++";
				CLANG_ENABLE_OBJC_ARC = YES;
				CLANG_WARN_CONSTANT_CONVERSION = YES;
				CLANG_WARN_EMPTY_BODY = YES;
				CLANG_WARN_ENUM_CONVERSION = YES;
				CLANG_WARN_INT_CONVERSION = YES;
				CLANG_WARN__DUPLICATE_METHOD_MATCH = YES;
				"CODE_SIGN_IDENTITY[sdk=iphoneos*]" = "iPhone Developer";
				COPY_PHASE_STRIP = YES;
				GCC_C_LANGUAGE_STANDARD = gnu99;
				GCC_WARN_ABOUT_RETURN_TYPE = YES;
				GCC_WARN_UNINITIALIZED_AUTOS = YES;
				GCC_WARN_UNUSED_VARIABLE = YES;
				HEADER_SEARCH_PATHS = "${SRCROOT}/src/QR-Code-Encoder-for-Objective-C";
				IPHONEOS_DEPLOYMENT_TARGET = 6.1;
				OTHER_CFLAGS = "-DNS_BLOCK_ASSERTIONS=1";
				OTHER_LDFLAGS = (
					"-all_load",
					"-ObjC",
				);
				SDKROOT = iphoneos;
				VALIDATE_PRODUCT = YES;
				VALID_ARCHS = "arm64 armv7 armv7s";
			};
			name = Release;
		};
		9B2B164217EE280D00C8B943 /* Debug */ = {
			isa = XCBuildConfiguration;
			buildSettings = {
				GCC_PRECOMPILE_PREFIX_HEADER = YES;
				GCC_PREFIX_HEADER = "Connect/Connect-Prefix.pch";
				INFOPLIST_FILE = "Connect/Connect-Info.plist";
				LIBRARY_SEARCH_PATHS = (
					"$(inherited)",
					/Users/macdev/Connect/ZBarSDK,
				);
				PRODUCT_NAME = "$(TARGET_NAME)";
				WRAPPER_EXTENSION = app;
			};
			name = Debug;
		};
		9B2B164317EE280D00C8B943 /* Release */ = {
			isa = XCBuildConfiguration;
			buildSettings = {
				GCC_PRECOMPILE_PREFIX_HEADER = YES;
				GCC_PREFIX_HEADER = "Connect/Connect-Prefix.pch";
				INFOPLIST_FILE = "Connect/Connect-Info.plist";
				LIBRARY_SEARCH_PATHS = (
					"$(inherited)",
					/Users/macdev/Connect/ZBarSDK,
				);
				PRODUCT_NAME = "$(TARGET_NAME)";
				WRAPPER_EXTENSION = app;
			};
			name = Release;
		};
		EFB2F35417FA2B470089DF48 /* Debug */ = {
			isa = XCBuildConfiguration;
			buildSettings = {
				ARCHS = "$(ARCHS_STANDARD_INCLUDING_64_BIT)";
				BUNDLE_LOADER = "$(BUILT_PRODUCTS_DIR)/Connect.app/Connect";
				CLANG_ENABLE_MODULES = YES;
				CLANG_WARN_BOOL_CONVERSION = YES;
				CLANG_WARN_DIRECT_OBJC_ISA_USAGE = YES_ERROR;
				CLANG_WARN_OBJC_ROOT_CLASS = YES_ERROR;
				FRAMEWORK_SEARCH_PATHS = (
					"$(SDKROOT)/Developer/Library/Frameworks",
					"$(inherited)",
					"$(DEVELOPER_FRAMEWORKS_DIR)",
				);
				GCC_PRECOMPILE_PREFIX_HEADER = YES;
				GCC_PREFIX_HEADER = "Connect Tests/Connect Tests-Prefix.pch";
				GCC_PREPROCESSOR_DEFINITIONS = (
					"DEBUG=1",
					"$(inherited)",
				);
				GCC_WARN_64_TO_32_BIT_CONVERSION = YES;
				GCC_WARN_ABOUT_RETURN_TYPE = YES_ERROR;
				GCC_WARN_UNDECLARED_SELECTOR = YES;
				GCC_WARN_UNUSED_FUNCTION = YES;
				INFOPLIST_FILE = "Connect Tests/Connect Tests-Info.plist";
				IPHONEOS_DEPLOYMENT_TARGET = 7.0;
				PRODUCT_NAME = "$(TARGET_NAME)";
				TEST_HOST = "$(BUNDLE_LOADER)";
				WRAPPER_EXTENSION = xctest;
			};
			name = Debug;
		};
		EFB2F35517FA2B470089DF48 /* Release */ = {
			isa = XCBuildConfiguration;
			buildSettings = {
				ARCHS = "$(ARCHS_STANDARD_INCLUDING_64_BIT)";
				BUNDLE_LOADER = "$(BUILT_PRODUCTS_DIR)/Connect.app/Connect";
				CLANG_ENABLE_MODULES = YES;
				CLANG_WARN_BOOL_CONVERSION = YES;
				CLANG_WARN_DIRECT_OBJC_ISA_USAGE = YES_ERROR;
				CLANG_WARN_OBJC_ROOT_CLASS = YES_ERROR;
				ENABLE_NS_ASSERTIONS = NO;
				FRAMEWORK_SEARCH_PATHS = (
					"$(SDKROOT)/Developer/Library/Frameworks",
					"$(inherited)",
					"$(DEVELOPER_FRAMEWORKS_DIR)",
				);
				GCC_PRECOMPILE_PREFIX_HEADER = YES;
				GCC_PREFIX_HEADER = "Connect Tests/Connect Tests-Prefix.pch";
				GCC_WARN_64_TO_32_BIT_CONVERSION = YES;
				GCC_WARN_ABOUT_RETURN_TYPE = YES_ERROR;
				GCC_WARN_UNDECLARED_SELECTOR = YES;
				GCC_WARN_UNUSED_FUNCTION = YES;
				INFOPLIST_FILE = "Connect Tests/Connect Tests-Info.plist";
				IPHONEOS_DEPLOYMENT_TARGET = 7.0;
				PRODUCT_NAME = "$(TARGET_NAME)";
				TEST_HOST = "$(BUNDLE_LOADER)";
				WRAPPER_EXTENSION = xctest;
			};
			name = Release;
		};
/* End XCBuildConfiguration section */

/* Begin XCConfigurationList section */
		9B2B160E17EE280D00C8B943 /* Build configuration list for PBXProject "Connect" */ = {
			isa = XCConfigurationList;
			buildConfigurations = (
				9B2B163F17EE280D00C8B943 /* Debug */,
				9B2B164017EE280D00C8B943 /* Release */,
			);
			defaultConfigurationIsVisible = 0;
			defaultConfigurationName = Release;
		};
		9B2B164117EE280D00C8B943 /* Build configuration list for PBXNativeTarget "Connect" */ = {
			isa = XCConfigurationList;
			buildConfigurations = (
				9B2B164217EE280D00C8B943 /* Debug */,
				9B2B164317EE280D00C8B943 /* Release */,
			);
			defaultConfigurationIsVisible = 0;
			defaultConfigurationName = Release;
		};
		EFB2F35717FA2B470089DF48 /* Build configuration list for PBXNativeTarget "Connect Tests" */ = {
			isa = XCConfigurationList;
			buildConfigurations = (
				EFB2F35417FA2B470089DF48 /* Debug */,
				EFB2F35517FA2B470089DF48 /* Release */,
			);
			defaultConfigurationIsVisible = 0;
			defaultConfigurationName = Release;
		};
/* End XCConfigurationList section */
	};
	rootObject = 9B2B160B17EE280D00C8B943 /* Project object */;
}
